// !$*UTF8*$!
{
	archiveVersion = 1;
	classes = {
	};
	objectVersion = 56;
	objects = {

/* Begin PBXBuildFile section */
		120CF8362AB460EE003BA3E9 /* String.swift in Sources */ = {isa = PBXBuildFile; fileRef = 120CF8352AB460EE003BA3E9 /* String.swift */; };
		120CF83A2AB46181003BA3E9 /* Localizable.strings in Resources */ = {isa = PBXBuildFile; fileRef = 120CF83C2AB46181003BA3E9 /* Localizable.strings */; };
		120CF8412AB470CA003BA3E9 /* Main.storyboard in Resources */ = {isa = PBXBuildFile; fileRef = 120CF8402AB470C9003BA3E9 /* Main.storyboard */; };
		120CF8432AB470E4003BA3E9 /* LaunchScreen.storyboard in Resources */ = {isa = PBXBuildFile; fileRef = 120CF8422AB470E4003BA3E9 /* LaunchScreen.storyboard */; };
		123246EF2AB1F16C00373E95 /* AppDelegate.swift in Sources */ = {isa = PBXBuildFile; fileRef = 123246EE2AB1F16C00373E95 /* AppDelegate.swift */; };
		123246F12AB1F16C00373E95 /* SceneDelegate.swift in Sources */ = {isa = PBXBuildFile; fileRef = 123246F02AB1F16C00373E95 /* SceneDelegate.swift */; };
		123246F32AB1F16C00373E95 /* ViewController.swift in Sources */ = {isa = PBXBuildFile; fileRef = 123246F22AB1F16C00373E95 /* ViewController.swift */; };
		123246F82AB1F16D00373E95 /* Assets.xcassets in Resources */ = {isa = PBXBuildFile; fileRef = 123246F72AB1F16D00373E95 /* Assets.xcassets */; };
		123247042AB1F1C300373E95 /* TableViewCell.swift in Sources */ = {isa = PBXBuildFile; fileRef = 123247022AB1F1C300373E95 /* TableViewCell.swift */; };
		123247052AB1F1C300373E95 /* TableViewCell.xib in Resources */ = {isa = PBXBuildFile; fileRef = 123247032AB1F1C300373E95 /* TableViewCell.xib */; };
		123247072AB1F25000373E95 /* CountryViewController.swift in Sources */ = {isa = PBXBuildFile; fileRef = 123247062AB1F25000373E95 /* CountryViewController.swift */; };
/* End PBXBuildFile section */

/* Begin PBXFileReference section */
		120CF8352AB460EE003BA3E9 /* String.swift */ = {isa = PBXFileReference; lastKnownFileType = sourcecode.swift; path = String.swift; sourceTree = "<group>"; };
		120CF83B2AB46181003BA3E9 /* en */ = {isa = PBXFileReference; lastKnownFileType = text.plist.strings; name = en; path = en.lproj/Localizable.strings; sourceTree = "<group>"; };
		120CF83F2AB46190003BA3E9 /* ar */ = {isa = PBXFileReference; lastKnownFileType = text.plist.strings; name = ar; path = ar.lproj/Localizable.strings; sourceTree = "<group>"; };
		120CF8402AB470C9003BA3E9 /* Main.storyboard */ = {isa = PBXFileReference; fileEncoding = 4; lastKnownFileType = file.storyboard; path = Main.storyboard; sourceTree = "<group>"; };
		120CF8422AB470E4003BA3E9 /* LaunchScreen.storyboard */ = {isa = PBXFileReference; fileEncoding = 4; lastKnownFileType = file.storyboard; path = LaunchScreen.storyboard; sourceTree = "<group>"; };
		123246EB2AB1F16C00373E95 /* ABassignment.app */ = {isa = PBXFileReference; explicitFileType = wrapper.application; includeInIndex = 0; path = ABassignment.app; sourceTree = BUILT_PRODUCTS_DIR; };
		123246EE2AB1F16C00373E95 /* AppDelegate.swift */ = {isa = PBXFileReference; lastKnownFileType = sourcecode.swift; path = AppDelegate.swift; sourceTree = "<group>"; };
		123246F02AB1F16C00373E95 /* SceneDelegate.swift */ = {isa = PBXFileReference; lastKnownFileType = sourcecode.swift; path = SceneDelegate.swift; sourceTree = "<group>"; };
		123246F22AB1F16C00373E95 /* ViewController.swift */ = {isa = PBXFileReference; lastKnownFileType = sourcecode.swift; path = ViewController.swift; sourceTree = "<group>"; };
		123246F72AB1F16D00373E95 /* Assets.xcassets */ = {isa = PBXFileReference; lastKnownFileType = folder.assetcatalog; path = Assets.xcassets; sourceTree = "<group>"; };
		123246FC2AB1F16D00373E95 /* Info.plist */ = {isa = PBXFileReference; lastKnownFileType = text.plist.xml; path = Info.plist; sourceTree = "<group>"; };
		123247022AB1F1C300373E95 /* TableViewCell.swift */ = {isa = PBXFileReference; lastKnownFileType = sourcecode.swift; path = TableViewCell.swift; sourceTree = "<group>"; };
		123247032AB1F1C300373E95 /* TableViewCell.xib */ = {isa = PBXFileReference; lastKnownFileType = file.xib; path = TableViewCell.xib; sourceTree = "<group>"; };
		123247062AB1F25000373E95 /* CountryViewController.swift */ = {isa = PBXFileReference; lastKnownFileType = sourcecode.swift; path = CountryViewController.swift; sourceTree = "<group>"; };
/* End PBXFileReference section */

/* Begin PBXFrameworksBuildPhase section */
		123246E82AB1F16C00373E95 /* Frameworks */ = {
			isa = PBXFrameworksBuildPhase;
			buildActionMask = 2147483647;
			files = (
			);
			runOnlyForDeploymentPostprocessing = 0;
		};
/* End PBXFrameworksBuildPhase section */

/* Begin PBXGroup section */
		120CF8372AB46105003BA3E9 /* Localization */ = {
			isa = PBXGroup;
			children = (
				120CF8352AB460EE003BA3E9 /* String.swift */,
				120CF83C2AB46181003BA3E9 /* Localizable.strings */,
			);
			path = Localization;
			sourceTree = "<group>";
		};
		123246E22AB1F16C00373E95 = {
			isa = PBXGroup;
			children = (
				123246ED2AB1F16C00373E95 /* ABassignment */,
				123246EC2AB1F16C00373E95 /* Products */,
			);
			sourceTree = "<group>";
		};
		123246EC2AB1F16C00373E95 /* Products */ = {
			isa = PBXGroup;
			children = (
				123246EB2AB1F16C00373E95 /* ABassignment.app */,
			);
			name = Products;
			sourceTree = "<group>";
		};
		123246ED2AB1F16C00373E95 /* ABassignment */ = {
			isa = PBXGroup;
			children = (
				120CF8422AB470E4003BA3E9 /* LaunchScreen.storyboard */,
				120CF8402AB470C9003BA3E9 /* Main.storyboard */,
				120CF8372AB46105003BA3E9 /* Localization */,
				1272DD0F2AB2C79500D2261D /* Country Table  */,
				123246EE2AB1F16C00373E95 /* AppDelegate.swift */,
				123246F02AB1F16C00373E95 /* SceneDelegate.swift */,
				123246F22AB1F16C00373E95 /* ViewController.swift */,
				123246F72AB1F16D00373E95 /* Assets.xcassets */,
				123246FC2AB1F16D00373E95 /* Info.plist */,
			);
			path = ABassignment;
			sourceTree = "<group>";
		};
		1272DD0F2AB2C79500D2261D /* Country Table  */ = {
			isa = PBXGroup;
			children = (
				123247022AB1F1C300373E95 /* TableViewCell.swift */,
				123247032AB1F1C300373E95 /* TableViewCell.xib */,
				123247062AB1F25000373E95 /* CountryViewController.swift */,
			);
			path = "Country Table ";
			sourceTree = "<group>";
		};
/* End PBXGroup section */

/* Begin PBXNativeTarget section */
		123246EA2AB1F16C00373E95 /* ABassignment */ = {
			isa = PBXNativeTarget;
			buildConfigurationList = 123246FF2AB1F16D00373E95 /* Build configuration list for PBXNativeTarget "ABassignment" */;
			buildPhases = (
				123246E72AB1F16C00373E95 /* Sources */,
				123246E82AB1F16C00373E95 /* Frameworks */,
				123246E92AB1F16C00373E95 /* Resources */,
			);
			buildRules = (
			);
			dependencies = (
			);
			name = ABassignment;
			productName = ABassignment;
			productReference = 123246EB2AB1F16C00373E95 /* ABassignment.app */;
			productType = "com.apple.product-type.application";
		};
/* End PBXNativeTarget section */

/* Begin PBXProject section */
		123246E32AB1F16C00373E95 /* Project object */ = {
			isa = PBXProject;
			attributes = {
				BuildIndependentTargetsInParallel = 1;
				LastSwiftUpdateCheck = 1430;
				LastUpgradeCheck = 1430;
				TargetAttributes = {
					123246EA2AB1F16C00373E95 = {
						CreatedOnToolsVersion = 14.3.1;
					};
				};
			};
			buildConfigurationList = 123246E62AB1F16C00373E95 /* Build configuration list for PBXProject "ABassignment" */;
			compatibilityVersion = "Xcode 14.0";
			developmentRegion = en;
			hasScannedForEncodings = 0;
			knownRegions = (
				en,
				Base,
				ar,
			);
			mainGroup = 123246E22AB1F16C00373E95;
			productRefGroup = 123246EC2AB1F16C00373E95 /* Products */;
			projectDirPath = "";
			projectRoot = "";
			targets = (
				123246EA2AB1F16C00373E95 /* ABassignment */,
			);
		};
/* End PBXProject section */

/* Begin PBXResourcesBuildPhase section */
		123246E92AB1F16C00373E95 /* Resources */ = {
			isa = PBXResourcesBuildPhase;
			buildActionMask = 2147483647;
			files = (
				120CF83A2AB46181003BA3E9 /* Localizable.strings in Resources */,
				123247052AB1F1C300373E95 /* TableViewCell.xib in Resources */,
				123246F82AB1F16D00373E95 /* Assets.xcassets in Resources */,
				120CF8432AB470E4003BA3E9 /* LaunchScreen.storyboard in Resources */,
				120CF8412AB470CA003BA3E9 /* Main.storyboard in Resources */,
			);
			runOnlyForDeploymentPostprocessing = 0;
		};
/* End PBXResourcesBuildPhase section */

/* Begin PBXSourcesBuildPhase section */
		123246E72AB1F16C00373E95 /* Sources */ = {
			isa = PBXSourcesBuildPhase;
			buildActionMask = 2147483647;
			files = (
				120CF8362AB460EE003BA3E9 /* String.swift in Sources */,
				123246F32AB1F16C00373E95 /* ViewController.swift in Sources */,
				123247042AB1F1C300373E95 /* TableViewCell.swift in Sources */,
				123246EF2AB1F16C00373E95 /* AppDelegate.swift in Sources */,
				123247072AB1F25000373E95 /* CountryViewController.swift in Sources */,
				123246F12AB1F16C00373E95 /* SceneDelegate.swift in Sources */,
			);
			runOnlyForDeploymentPostprocessing = 0;
		};
/* End PBXSourcesBuildPhase section */

/* Begin PBXVariantGroup section */
		120CF83C2AB46181003BA3E9 /* Localizable.strings */ = {
			isa = PBXVariantGroup;
			children = (
				120CF83B2AB46181003BA3E9 /* en */,
				120CF83F2AB46190003BA3E9 /* ar */,
			);
			name = Localizable.strings;
			sourceTree = "<group>";
		};
/* End PBXVariantGroup section */

/* Begin XCBuildConfiguration section */
		123246FD2AB1F16D00373E95 /* Debug */ = {
			isa = XCBuildConfiguration;
			buildSettings = {
				ALWAYS_SEARCH_USER_PATHS = NO;
				CLANG_ANALYZER_LOCALIZABILITY_NONLOCALIZED = YES;
				CLANG_ANALYZER_NONNULL = YES;
				CLANG_ANALYZER_NUMBER_OBJECT_CONVERSION = YES_AGGRESSIVE;
				CLANG_CXX_LANGUAGE_STANDARD = "gnu++20";
				CLANG_ENABLE_MODULES = YES;
				CLANG_ENABLE_OBJC_ARC = YES;
				CLANG_ENABLE_OBJC_WEAK = YES;
				CLANG_WARN_BLOCK_CAPTURE_AUTORELEASING = YES;
				CLANG_WARN_BOOL_CONVERSION = YES;
				CLANG_WARN_COMMA = YES;
				CLANG_WARN_CONSTANT_CONVERSION = YES;
				CLANG_WARN_DEPRECATED_OBJC_IMPLEMENTATIONS = YES;
				CLANG_WARN_DIRECT_OBJC_ISA_USAGE = YES_ERROR;
				CLANG_WARN_DOCUMENTATION_COMMENTS = YES;
				CLANG_WARN_EMPTY_BODY = YES;
				CLANG_WARN_ENUM_CONVERSION = YES;
				CLANG_WARN_INFINITE_RECURSION = YES;
				CLANG_WARN_INT_CONVERSION = YES;
				CLANG_WARN_NON_LITERAL_NULL_CONVERSION = YES;
				CLANG_WARN_OBJC_IMPLICIT_RETAIN_SELF = YES;
				CLANG_WARN_OBJC_LITERAL_CONVERSION = YES;
				CLANG_WARN_OBJC_ROOT_CLASS = YES_ERROR;
				CLANG_WARN_QUOTED_INCLUDE_IN_FRAMEWORK_HEADER = YES;
				CLANG_WARN_RANGE_LOOP_ANALYSIS = YES;
				CLANG_WARN_STRICT_PROTOTYPES = YES;
				CLANG_WARN_SUSPICIOUS_MOVE = YES;
				CLANG_WARN_UNGUARDED_AVAILABILITY = YES_AGGRESSIVE;
				CLANG_WARN_UNREACHABLE_CODE = YES;
				CLANG_WARN__DUPLICATE_METHOD_MATCH = YES;
				COPY_PHASE_STRIP = NO;
				DEBUG_INFORMATION_FORMAT = dwarf;
				ENABLE_STRICT_OBJC_MSGSEND = YES;
				ENABLE_TESTABILITY = YES;
				GCC_C_LANGUAGE_STANDARD = gnu11;
				GCC_DYNAMIC_NO_PIC = NO;
				GCC_NO_COMMON_BLOCKS = YES;
				GCC_OPTIMIZATION_LEVEL = 0;
				GCC_PREPROCESSOR_DEFINITIONS = (
					"DEBUG=1",
					"$(inherited)",
				);
				GCC_WARN_64_TO_32_BIT_CONVERSION = YES;
				GCC_WARN_ABOUT_RETURN_TYPE = YES_ERROR;
				GCC_WARN_UNDECLARED_SELECTOR = YES;
				GCC_WARN_UNINITIALIZED_AUTOS = YES_AGGRESSIVE;
				GCC_WARN_UNUSED_FUNCTION = YES;
				GCC_WARN_UNUSED_VARIABLE = YES;
				IPHONEOS_DEPLOYMENT_TARGET = 16.4;
				MTL_ENABLE_DEBUG_INFO = INCLUDE_SOURCE;
				MTL_FAST_MATH = YES;
				ONLY_ACTIVE_ARCH = YES;
				SDKROOT = iphoneos;
				SWIFT_ACTIVE_COMPILATION_CONDITIONS = DEBUG;
				SWIFT_OPTIMIZATION_LEVEL = "-Onone";
			};
			name = Debug;
		};
		123246FE2AB1F16D00373E95 /* Release */ = {
			isa = XCBuildConfiguration;
			buildSettings = {
				ALWAYS_SEARCH_USER_PATHS = NO;
				CLANG_ANALYZER_LOCALIZABILITY_NONLOCALIZED = YES;
				CLANG_ANALYZER_NONNULL = YES;
				CLANG_ANALYZER_NUMBER_OBJECT_CONVERSION = YES_AGGRESSIVE;
				CLANG_CXX_LANGUAGE_STANDARD = "gnu++20";
				CLANG_ENABLE_MODULES = YES;
				CLANG_ENABLE_OBJC_ARC = YES;
				CLANG_ENABLE_OBJC_WEAK = YES;
				CLANG_WARN_BLOCK_CAPTURE_AUTORELEASING = YES;
				CLANG_WARN_BOOL_CONVERSION = YES;
				CLANG_WARN_COMMA = YES;
				CLANG_WARN_CONSTANT_CONVERSION = YES;
				CLANG_WARN_DEPRECATED_OBJC_IMPLEMENTATIONS = YES;
				CLANG_WARN_DIRECT_OBJC_ISA_USAGE = YES_ERROR;
				CLANG_WARN_DOCUMENTATION_COMMENTS = YES;
				CLANG_WARN_EMPTY_BODY = YES;
				CLANG_WARN_ENUM_CONVERSION = YES;
				CLANG_WARN_INFINITE_RECURSION = YES;
				CLANG_WARN_INT_CONVERSION = YES;
				CLANG_WARN_NON_LITERAL_NULL_CONVERSION = YES;
				CLANG_WARN_OBJC_IMPLICIT_RETAIN_SELF = YES;
				CLANG_WARN_OBJC_LITERAL_CONVERSION = YES;
				CLANG_WARN_OBJC_ROOT_CLASS = YES_ERROR;
				CLANG_WARN_QUOTED_INCLUDE_IN_FRAMEWORK_HEADER = YES;
				CLANG_WARN_RANGE_LOOP_ANALYSIS = YES;
				CLANG_WARN_STRICT_PROTOTYPES = YES;
				CLANG_WARN_SUSPICIOUS_MOVE = YES;
				CLANG_WARN_UNGUARDED_AVAILABILITY = YES_AGGRESSIVE;
				CLANG_WARN_UNREACHABLE_CODE = YES;
				CLANG_WARN__DUPLICATE_METHOD_MATCH = YES;
				COPY_PHASE_STRIP = NO;
				DEBUG_INFORMATION_FORMAT = "dwarf-with-dsym";
				ENABLE_NS_ASSERTIONS = NO;
				ENABLE_STRICT_OBJC_MSGSEND = YES;
				GCC_C_LANGUAGE_STANDARD = gnu11;
				GCC_NO_COMMON_BLOCKS = YES;
				GCC_WARN_64_TO_32_BIT_CONVERSION = YES;
				GCC_WARN_ABOUT_RETURN_TYPE = YES_ERROR;
				GCC_WARN_UNDECLARED_SELECTOR = YES;
				GCC_WARN_UNINITIALIZED_AUTOS = YES_AGGRESSIVE;
				GCC_WARN_UNUSED_FUNCTION = YES;
				GCC_WARN_UNUSED_VARIABLE = YES;
				IPHONEOS_DEPLOYMENT_TARGET = 16.4;
				MTL_ENABLE_DEBUG_INFO = NO;
				MTL_FAST_MATH = YES;
				SDKROOT = iphoneos;
				SWIFT_COMPILATION_MODE = wholemodule;
				SWIFT_OPTIMIZATION_LEVEL = "-O";
				VALIDATE_PRODUCT = YES;
			};
			name = Release;
		};
		123247002AB1F16D00373E95 /* Debug */ = {
			isa = XCBuildConfiguration;
			buildSettings = {
				ASSETCATALOG_COMPILER_APPICON_NAME = AppIcon;
				ASSETCATALOG_COMPILER_GLOBAL_ACCENT_COLOR_NAME = AccentColor;
				CODE_SIGN_STYLE = Automatic;
				CURRENT_PROJECT_VERSION = 1;
				DEVELOPMENT_TEAM = L5SK2C2GJ2;
				GENERATE_INFOPLIST_FILE = YES;
				INFOPLIST_FILE = ABassignment/Info.plist;
				INFOPLIST_KEY_UIApplicationSupportsIndirectInputEvents = YES;
				INFOPLIST_KEY_UILaunchStoryboardName = LaunchScreen;
				INFOPLIST_KEY_UIMainStoryboardFile = Main;
				INFOPLIST_KEY_UISupportedInterfaceOrientations_iPad = "UIInterfaceOrientationPortrait UIInterfaceOrientationPortraitUpsideDown UIInterfaceOrientationLandscapeLeft UIInterfaceOrientationLandscapeRight";
				INFOPLIST_KEY_UISupportedInterfaceOrientations_iPhone = "UIInterfaceOrientationPortrait UIInterfaceOrientationLandscapeLeft UIInterfaceOrientationLandscapeRight";
				LD_RUNPATH_SEARCH_PATHS = (
					"$(inherited)",
					"@executable_path/Frameworks",
				);
				MARKETING_VERSION = 1.0;
				PRODUCT_BUNDLE_IDENTIFIER = com.acabes.ABassignment;
				PRODUCT_NAME = "$(TARGET_NAME)";
				SWIFT_EMIT_LOC_STRINGS = YES;
				SWIFT_VERSION = 5.0;
				TARGETED_DEVICE_FAMILY = "1,2";
			};
			name = Debug;
		};
		123247012AB1F16D00373E95 /* Release */ = {
			isa = XCBuildConfiguration;
			buildSettings = {
				ASSETCATALOG_COMPILER_APPICON_NAME = AppIcon;
				ASSETCATALOG_COMPILER_GLOBAL_ACCENT_COLOR_NAME = AccentColor;
				CODE_SIGN_STYLE = Automatic;
				CURRENT_PROJECT_VERSION = 1;
				DEVELOPMENT_TEAM = L5SK2C2GJ2;
				GENERATE_INFOPLIST_FILE = YES;
				INFOPLIST_FILE = ABassignment/Info.plist;
				INFOPLIST_KEY_UIApplicationSupportsIndirectInputEvents = YES;
				INFOPLIST_KEY_UILaunchStoryboardName = LaunchScreen;
				INFOPLIST_KEY_UIMainStoryboardFile = Main;
				INFOPLIST_KEY_UISupportedInterfaceOrientations_iPad = "UIInterfaceOrientationPortrait UIInterfaceOrientationPortraitUpsideDown UIInterfaceOrientationLandscapeLeft UIInterfaceOrientationLandscapeRight";
				INFOPLIST_KEY_UISupportedInterfaceOrientations_iPhone = "UIInterfaceOrientationPortrait UIInterfaceOrientationLandscapeLeft UIInterfaceOrientationLandscapeRight";
				LD_RUNPATH_SEARCH_PATHS = (
					"$(inherited)",
					"@executable_path/Frameworks",
				);
				MARKETING_VERSION = 1.0;
				PRODUCT_BUNDLE_IDENTIFIER = com.acabes.ABassignment;
				PRODUCT_NAME = "$(TARGET_NAME)";
				SWIFT_EMIT_LOC_STRINGS = YES;
				SWIFT_VERSION = 5.0;
				TARGETED_DEVICE_FAMILY = "1,2";
			};
			name = Release;
		};
/* End XCBuildConfiguration section */

/* Begin XCConfigurationList section */
		123246E62AB1F16C00373E95 /* Build configuration list for PBXProject "ABassignment" */ = {
			isa = XCConfigurationList;
			buildConfigurations = (
				123246FD2AB1F16D00373E95 /* Debug */,
				123246FE2AB1F16D00373E95 /* Release */,
			);
			defaultConfigurationIsVisible = 0;
			defaultConfigurationName = Release;
		};
		123246FF2AB1F16D00373E95 /* Build configuration list for PBXNativeTarget "ABassignment" */ = {
			isa = XCConfigurationList;
			buildConfigurations = (
				123247002AB1F16D00373E95 /* Debug */,
				123247012AB1F16D00373E95 /* Release */,
			);
			defaultConfigurationIsVisible = 0;
			defaultConfigurationName = Release;
		};
/* End XCConfigurationList section */
	};
	rootObject = 123246E32AB1F16C00373E95 /* Project object */;
}
